
Microsoft Visual Studio Solution File, Format Version 12.00
# Visual Studio Version 16
VisualStudioVersion = 16.0.30413.136
MinimumVisualStudioVersion = 10.0.40219.1
Project("{FAE04EC0-301F-11D3-BF4B-00C04F79EFBC}") = "www", "www\www.csproj", "{0C054A81-54B4-4AF9-8B08-E1F0446611DC}"
EndProject
Project("{FAE04EC0-301F-11D3-BF4B-00C04F79EFBC}") = "DB", "DB\DB.csproj", "{A11E91D4-4D27-43A7-8FCC-5DAC5AB06650}"
EndProject
Global
	GlobalSection(SolutionConfigurationPlatforms) = preSolution
		Debug|Any CPU = Debug|Any CPU
		Release|Any CPU = Release|Any CPU
	EndGlobalSection
	GlobalSection(ProjectConfigurationPlatforms) = postSolution
		{0C054A81-54B4-4AF9-8B08-E1F0446611DC}.Debug|Any CPU.ActiveCfg = Debug|Any CPU
		{0C054A81-54B4-4AF9-8B08-E1F0446611DC}.Debug|Any CPU.Build.0 = Debug|Any CPU
		{0C054A81-54B4-4AF9-8B08-E1F0446611DC}.Release|Any CPU.ActiveCfg = Release|Any CPU
		{0C054A81-54B4-4AF9-8B08-E1F0446611DC}.Release|Any CPU.Build.0 = Release|Any CPU
		{A11E91D4-4D27-43A7-8FCC-5DAC5AB06650}.Debug|Any CPU.ActiveCfg = Debug|Any CPU
		{A11E91D4-4D27-43A7-8FCC-5DAC5AB06650}.Debug|Any CPU.Build.0 = Debug|Any CPU
		{A11E91D4-4D27-43A7-8FCC-5DAC5AB06650}.Release|Any CPU.ActiveCfg = Release|Any CPU
		{A11E91D4-4D27-43A7-8FCC-5DAC5AB06650}.Release|Any CPU.Build.0 = Release|Any CPU
	EndGlobalSection
	GlobalSection(SolutionProperties) = preSolution
		HideSolutionNode = FALSE
	EndGlobalSection
	GlobalSection(ExtensibilityGlobals) = postSolution
		SolutionGuid = {E70623D0-F2A7-4EEF-BAE0-3CA04FE85B49}
	EndGlobalSection
EndGlobal
